
Microsoft Visual Studio Solution File, Format Version 12.00
Project("{FAE04EC0-301F-11D3-BF4B-00C04F79EFBC}") = "RJDev.Outputter", "RJDev.Outputter\RJDev.Outputter.csproj", "{5A3FB67B-1EAA-40A3-BBCE-4F8133F220EC}"
EndProject
Project("{FAE04EC0-301F-11D3-BF4B-00C04F79EFBC}") = "RJDev.Outputter.Sinks.Console", "RJDev.Outputter.Sinks.Console\RJDev.Outputter.Sinks.Console.csproj", "{37F1B559-34B7-4FE2-B47A-6F272961012D}"
EndProject
Project("{FAE04EC0-301F-11D3-BF4B-00C04F79EFBC}") = "RJDev.Outputter.Tests", "RJDev.Outputter.Tests\RJDev.Outputter.Tests.csproj", "{E19905F5-3E10-4DE4-9813-BFB2280716FB}"
EndProject
Project("{FAE04EC0-301F-11D3-BF4B-00C04F79EFBC}") = "Outputter.Test.Console.App", "Outputter.Test.Console.App\Outputter.Test.Console.App.csproj", "{7382B980-4F24-40D4-A014-A7EE72DF75B2}"
EndProject
Project("{FAE04EC0-301F-11D3-BF4B-00C04F79EFBC}") = "RJDev.Outputter.Sinks.Console.Tests", "RJDev.Outputter.Sinks.Console.Tests\RJDev.Outputter.Sinks.Console.Tests.csproj", "{3E6AA437-EC0D-47E7-B542-FCD7A7CFED0D}"
EndProject
Project("{FAE04EC0-301F-11D3-BF4B-00C04F79EFBC}") = "RJDev.Outputter.Formatting.Json", "RJDev.Outputter.Formatting.Json\RJDev.Outputter.Formatting.Json.csproj", "{9C0E3545-9D45-4E73-B8D6-9E9747CFB141}"
EndProject
Global
	GlobalSection(SolutionConfigurationPlatforms) = preSolution
		Debug|Any CPU = Debug|Any CPU
		Release|Any CPU = Release|Any CPU
	EndGlobalSection
	GlobalSection(ProjectConfigurationPlatforms) = postSolution
		{5A3FB67B-1EAA-40A3-BBCE-4F8133F220EC}.Debug|Any CPU.ActiveCfg = Debug|Any CPU
		{5A3FB67B-1EAA-40A3-BBCE-4F8133F220EC}.Debug|Any CPU.Build.0 = Debug|Any CPU
		{5A3FB67B-1EAA-40A3-BBCE-4F8133F220EC}.Release|Any CPU.ActiveCfg = Release|Any CPU
		{5A3FB67B-1EAA-40A3-BBCE-4F8133F220EC}.Release|Any CPU.Build.0 = Release|Any CPU
		{37F1B559-34B7-4FE2-B47A-6F272961012D}.Debug|Any CPU.ActiveCfg = Debug|Any CPU
		{37F1B559-34B7-4FE2-B47A-6F272961012D}.Debug|Any CPU.Build.0 = Debug|Any CPU
		{37F1B559-34B7-4FE2-B47A-6F272961012D}.Release|Any CPU.ActiveCfg = Release|Any CPU
		{37F1B559-34B7-4FE2-B47A-6F272961012D}.Release|Any CPU.Build.0 = Release|Any CPU
		{E19905F5-3E10-4DE4-9813-BFB2280716FB}.Debug|Any CPU.ActiveCfg = Debug|Any CPU
		{E19905F5-3E10-4DE4-9813-BFB2280716FB}.Debug|Any CPU.Build.0 = Debug|Any CPU
		{E19905F5-3E10-4DE4-9813-BFB2280716FB}.Release|Any CPU.ActiveCfg = Release|Any CPU
		{E19905F5-3E10-4DE4-9813-BFB2280716FB}.Release|Any CPU.Build.0 = Release|Any CPU
		{7382B980-4F24-40D4-A014-A7EE72DF75B2}.Debug|Any CPU.ActiveCfg = Debug|Any CPU
		{7382B980-4F24-40D4-A014-A7EE72DF75B2}.Debug|Any CPU.Build.0 = Debug|Any CPU
		{7382B980-4F24-40D4-A014-A7EE72DF75B2}.Release|Any CPU.ActiveCfg = Release|Any CPU
		{7382B980-4F24-40D4-A014-A7EE72DF75B2}.Release|Any CPU.Build.0 = Release|Any CPU
		{3E6AA437-EC0D-47E7-B542-FCD7A7CFED0D}.Debug|Any CPU.ActiveCfg = Debug|Any CPU
		{3E6AA437-EC0D-47E7-B542-FCD7A7CFED0D}.Debug|Any CPU.Build.0 = Debug|Any CPU
		{3E6AA437-EC0D-47E7-B542-FCD7A7CFED0D}.Release|Any CPU.ActiveCfg = Release|Any CPU
		{3E6AA437-EC0D-47E7-B542-FCD7A7CFED0D}.Release|Any CPU.Build.0 = Release|Any CPU
		{9C0E3545-9D45-4E73-B8D6-9E9747CFB141}.Debug|Any CPU.ActiveCfg = Debug|Any CPU
		{9C0E3545-9D45-4E73-B8D6-9E9747CFB141}.Debug|Any CPU.Build.0 = Debug|Any CPU
		{9C0E3545-9D45-4E73-B8D6-9E9747CFB141}.Release|Any CPU.ActiveCfg = Release|Any CPU
		{9C0E3545-9D45-4E73-B8D6-9E9747CFB141}.Release|Any CPU.Build.0 = Release|Any CPU
	EndGlobalSection
EndGlobal
